<?xml version="1.0" encoding="utf-8"?>
<Project ToolsVersion="4.0" xmlns="http://schemas.microsoft.com/developer/msbuild/2003">
  <ItemGroup>
    <Filter Include="Source Files">
      <UniqueIdentifier>{4FC737F1-C7A5-4376-A066-2A32D752A2FF}</UniqueIdentifier>
      <Extensions>cpp;c;cc;cxx;def;odl;idl;hpj;bat;asm;asmx</Extensions>
    </Filter>
    <Filter Include="Header Files">
      <UniqueIdentifier>{93995380-89BD-4b04-88EB-625FBE52EBFB}</UniqueIdentifier>
      <Extensions>h;hh;hpp;hxx;hm;inl;inc;xsd</Extensions>
    </Filter>
    <Filter Include="Resource Files">
      <UniqueIdentifier>{67DA6AB6-F800-4c08-8B7A-83BB121AAD01}</UniqueIdentifier>
      <Extensions>rc;ico;cur;bmp;dlg;rc2;rct;bin;rgs;gif;jpg;jpeg;jpe;resx;tiff;tif;png;wav;mfcribbon-ms</Extensions>
    </Filter>
    <Filter Include="Formulas">
      <UniqueIdentifier>{23364e94-d887-4154-9bee-55e674fb351e}</UniqueIdentifier>
    </Filter>
    <Filter Include="TableWrapper">
      <UniqueIdentifier>{d569a41c-b173-4bd9-804d-6bee56217f27}</UniqueIdentifier>
    </Filter>
    <Filter Include="FileHelper">
      <UniqueIdentifier>{74332827-b477-4d82-8768-e612d66a2118}</UniqueIdentifier>
    </Filter>
    <Filter Include="Searcher">
      <UniqueIdentifier>{7eddaac5-e312-45ac-9dc4-7bcadc461c30}</UniqueIdentifier>
    </Filter>
  </ItemGroup>
  <ItemGroup>
    <ClCompile Include="Analyser.cpp">
      <Filter>Source Files</Filter>
    </ClCompile>
    <ClCompile Include="Life.cpp">
      <Filter>Source Files</Filter>
    </ClCompile>
    <ClCompile Include="Calculator.cpp">
      <Filter>Source Files</Filter>
    </ClCompile>
    <ClCompile Include="Timer.cpp">
      <Filter>Source Files</Filter>
    </ClCompile>
    <ClCompile Include="Param.cpp">
      <Filter>Source Files</Filter>
    </ClCompile>
    <ClCompile Include="FormulaCPP.cpp">
      <Filter>Formulas</Filter>
    </ClCompile>
    <ClCompile Include="FormulaHeader.cpp">
      <Filter>Formulas</Filter>
    </ClCompile>
    <ClCompile Include="FormulaSelector.cpp">
      <Filter>Formulas</Filter>
    </ClCompile>
    <ClCompile Include="TblSQLite.cpp">
      <Filter>TableWrapper</Filter>
    </ClCompile>
    <ClCompile Include="TableFactory.cpp">
      <Filter>TableWrapper</Filter>
    </ClCompile>
    <ClCompile Include="LibChecker.cpp">
      <Filter>Source Files</Filter>
    </ClCompile>
    <ClCompile Include="BuildSort.cpp">
      <Filter>Source Files</Filter>
    </ClCompile>
    <ClCompile Include="TblBuildOrder.cpp">
      <Filter>Source Files</Filter>
    </ClCompile>
    <ClCompile Include="FileReader.cpp">
      <Filter>FileHelper</Filter>
    </ClCompile>
    <ClCompile Include="FileType.cpp">
      <Filter>FileHelper</Filter>
    </ClCompile>
    <ClCompile Include="FileWriter.cpp">
      <Filter>FileHelper</Filter>
    </ClCompile>
    <ClCompile Include="DirectlySearcher.cpp">
      <Filter>Searcher</Filter>
    </ClCompile>
    <ClCompile Include="RecursiveSearcher.cpp">
      <Filter>Searcher</Filter>
    </ClCompile>
    <ClCompile Include="SearcherFactory.cpp">
      <Filter>Searcher</Filter>
    </ClCompile>
    <ClCompile Include="FormulaRC.cpp">
      <Filter>Formulas</Filter>
    </ClCompile>
  </ItemGroup>
  <ItemGroup>
    <ClInclude Include="TblBase.hpp">
      <Filter>Header Files</Filter>
    </ClInclude>
    <ClInclude Include="TblSQLite.hpp">
      <Filter>Header Files</Filter>
    </ClInclude>
    <ClInclude Include="Life.hpp">
      <Filter>Header Files</Filter>
    </ClInclude>
    <ClInclude Include="Calculator.hpp">
      <Filter>Header Files</Filter>
    </ClInclude>
    <ClInclude Include="FileType.hpp">
      <Filter>Header Files</Filter>
    </ClInclude>
    <ClInclude Include="TableFactory.hpp">
      <Filter>Header Files</Filter>
    </ClInclude>
    <ClInclude Include="FormulaBase.hpp">
      <Filter>Header Files</Filter>
    </ClInclude>
    <ClInclude Include="FormulaCPP.hpp">
      <Filter>Header Files</Filter>
    </ClInclude>
    <ClInclude Include="FormulaHeader.hpp">
      <Filter>Header Files</Filter>
    </ClInclude>
    <ClInclude Include="FormulaSelector.hpp">
      <Filter>Header Files</Filter>
    </ClInclude>
    <ClInclude Include="Timer.hpp">
      <Filter>Header Files</Filter>
    </ClInclude>
    <ClInclude Include="Param.hpp">
      <Filter>Header Files</Filter>
    </ClInclude>
    <ClInclude Include="FileReader.hpp">
      <Filter>Header Files</Filter>
    </ClInclude>
    <ClInclude Include="LibChecker.hpp">
      <Filter>Header Files</Filter>
    </ClInclude>
    <ClInclude Include="BuildSort.hpp">
      <Filter>Header Files</Filter>
    </ClInclude>
    <ClInclude Include="TblBuildOrder.hpp">
      <Filter>Header Files</Filter>
    </ClInclude>
    <ClInclude Include="FileWriter.hpp">
      <Filter>Header Files</Filter>
    </ClInclude>
    <ClInclude Include="PointerHelper.hpp">
      <Filter>Header Files</Filter>
    </ClInclude>
    <ClInclude Include="BaseSearcher.hpp">
      <Filter>Header Files</Filter>
    </ClInclude>
    <ClInclude Include="DirectlySearcher.hpp">
      <Filter>Header Files</Filter>
    </ClInclude>
    <ClInclude Include="RecursiveSearcher.hpp">
      <Filter>Header Files</Filter>
    </ClInclude>
    <ClInclude Include="SearcherFactory.hpp">
      <Filter>Header Files</Filter>
    </ClInclude>
    <ClInclude Include="FormulaRC.hpp">
      <Filter>Header Files</Filter>
    </ClInclude>
  </ItemGroup>
</Project>